Microsoft Visual Studio Solution File, Format Version 12.00
# Visual Studio Version 17
VisualStudioVersion = 17.0.31903.59
MinimumVisualStudioVersion = 10.0.40219.1
Project("{FAE04EC0-301F-11D3-BF4B-00C04F79EFBC}") = "Domain", "src\Domain\Domain.csproj", "{795AB9FA-3928-4968-B7C2-ADA55F077297}"
EndProject
Project("{FAE04EC0-301F-11D3-BF4B-00C04F79EFBC}") = "Application", "src\Application\Application.csproj", "{68379E00-2564-4DE5-B783-36019D8A1B27}"
EndProject
Project("{FAE04EC0-301F-11D3-BF4B-00C04F79EFBC}") = "Infrastructure", "src\Infrastructure\Infrastructure.csproj", "{4DAA2A7D-DD62-48F0-B330-7ED598095850}"
EndProject
Project("{FAE04EC0-301F-11D3-BF4B-00C04F79EFBC}") = "API", "src\API\API.csproj", "{12A2FD1A-5279-4B91-AF64-2EB84CE632FC}"
EndProject
Global
	GlobalSection(SolutionConfigurationPlatforms) = preSolution
		Debug|Any CPU = Debug|Any CPU
		Release|Any CPU = Release|Any CPU
	EndGlobalSection
	GlobalSection(ProjectConfigurationPlatforms) = postSolution
		{795AB9FA-3928-4968-B7C2-ADA55F077297}.Debug|Any CPU.ActiveCfg = Debug|Any CPU
		{795AB9FA-3928-4968-B7C2-ADA55F077297}.Debug|Any CPU.Build.0 = Debug|Any CPU
		{795AB9FA-3928-4968-B7C2-ADA55F077297}.Release|Any CPU.ActiveCfg = Release|Any CPU
		{795AB9FA-3928-4968-B7C2-ADA55F077297}.Release|Any CPU.Build.0 = Release|Any CPU
		{68379E00-2564-4DE5-B783-36019D8A1B27}.Debug|Any CPU.ActiveCfg = Debug|Any CPU
		{68379E00-2564-4DE5-B783-36019D8A1B27}.Debug|Any CPU.Build.0 = Debug|Any CPU
		{68379E00-2564-4DE5-B783-36019D8A1B27}.Release|Any CPU.ActiveCfg = Release|Any CPU
		{68379E00-2564-4DE5-B783-36019D8A1B27}.Release|Any CPU.Build.0 = Release|Any CPU
		{4DAA2A7D-DD62-48F0-B330-7ED598095850}.Debug|Any CPU.ActiveCfg = Debug|Any CPU
		{4DAA2A7D-DD62-48F0-B330-7ED598095850}.Debug|Any CPU.Build.0 = Debug|Any CPU
		{4DAA2A7D-DD62-48F0-B330-7ED598095850}.Release|Any CPU.ActiveCfg = Release|Any CPU
		{4DAA2A7D-DD62-48F0-B330-7ED598095850}.Release|Any CPU.Build.0 = Release|Any CPU
		{12A2FD1A-5279-4B91-AF64-2EB84CE632FC}.Debug|Any CPU.ActiveCfg = Debug|Any CPU
		{12A2FD1A-5279-4B91-AF64-2EB84CE632FC}.Debug|Any CPU.Build.0 = Debug|Any CPU
		{12A2FD1A-5279-4B91-AF64-2EB84CE632FC}.Release|Any CPU.ActiveCfg = Release|Any CPU
		{12A2FD1A-5279-4B91-AF64-2EB84CE632FC}.Release|Any CPU.Build.0 = Release|Any CPU
	EndGlobalSection
	GlobalSection(SolutionProperties) = preSolution
		HideSolutionNode = FALSE
	EndGlobalSection
EndGlobal
